
Microsoft Visual Studio Solution File, Format Version 12.00
# Visual Studio Version 16
VisualStudioVersion = 16.0.31019.35
MinimumVisualStudioVersion = 10.0.40219.1
Project("{FAE04EC0-301F-11D3-BF4B-00C04F79EFBC}") = "Sortirovka", "Sortirovka\Sortirovka.csproj", "{A389F420-7B1B-4CD1-929A-E46FBD480241}"
EndProject
Global
	GlobalSection(SolutionConfigurationPlatforms) = preSolution
		Debug|Any CPU = Debug|Any CPU
		Release|Any CPU = Release|Any CPU
	EndGlobalSection
	GlobalSection(ProjectConfigurationPlatforms) = postSolution
		{A389F420-7B1B-4CD1-929A-E46FBD480241}.Debug|Any CPU.ActiveCfg = Debug|Any CPU
		{A389F420-7B1B-4CD1-929A-E46FBD480241}.Debug|Any CPU.Build.0 = Debug|Any CPU
		{A389F420-7B1B-4CD1-929A-E46FBD480241}.Release|Any CPU.ActiveCfg = Release|Any CPU
		{A389F420-7B1B-4CD1-929A-E46FBD480241}.Release|Any CPU.Build.0 = Release|Any CPU
	EndGlobalSection
	GlobalSection(SolutionProperties) = preSolution
		HideSolutionNode = FALSE
	EndGlobalSection
	GlobalSection(ExtensibilityGlobals) = postSolution
		SolutionGuid = {AA298397-1EDE-4773-B7EA-DF526411AD88}
	EndGlobalSection
EndGlobal
